// !$*UTF8*$!
{
	archiveVersion = 1;
	classes = {
	};
	objectVersion = 46;
	objects = {

/* Begin PBXBuildFile section */
		A16B0A0E0104369FB3CC0C10 /* Pods_Tumblr.framework in Frameworks */ = {isa = PBXBuildFile; fileRef = 77DC1BEF89E56E89B412C7DE /* Pods_Tumblr.framework */; };
		E29B63C91E8CA2EF0040E5D7 /* AppDelegate.swift in Sources */ = {isa = PBXBuildFile; fileRef = E29B63C81E8CA2EF0040E5D7 /* AppDelegate.swift */; };
		E29B63CB1E8CA2EF0040E5D7 /* PhotosViewController.swift in Sources */ = {isa = PBXBuildFile; fileRef = E29B63CA1E8CA2EF0040E5D7 /* PhotosViewController.swift */; };
		E29B63CE1E8CA2EF0040E5D7 /* Main.storyboard in Resources */ = {isa = PBXBuildFile; fileRef = E29B63CC1E8CA2EF0040E5D7 /* Main.storyboard */; };
		E29B63D11E8CA2EF0040E5D7 /* Tumblr.xcdatamodeld in Sources */ = {isa = PBXBuildFile; fileRef = E29B63CF1E8CA2EF0040E5D7 /* Tumblr.xcdatamodeld */; };
		E29B63D31E8CA2EF0040E5D7 /* Assets.xcassets in Resources */ = {isa = PBXBuildFile; fileRef = E29B63D21E8CA2EF0040E5D7 /* Assets.xcassets */; };
		E29B63D61E8CA2EF0040E5D7 /* LaunchScreen.storyboard in Resources */ = {isa = PBXBuildFile; fileRef = E29B63D41E8CA2EF0040E5D7 /* LaunchScreen.storyboard */; };
		E29B63DF1E8CAFA70040E5D7 /* PhotoCell.swift in Sources */ = {isa = PBXBuildFile; fileRef = E29B63DD1E8CAAB90040E5D7 /* PhotoCell.swift */; };
/* End PBXBuildFile section */

/* Begin PBXFileReference section */
		1EE15DF74143D376671A259B /* Pods-Tumblr.release.xcconfig */ = {isa = PBXFileReference; includeInIndex = 1; lastKnownFileType = text.xcconfig; name = "Pods-Tumblr.release.xcconfig"; path = "Pods/Target Support Files/Pods-Tumblr/Pods-Tumblr.release.xcconfig"; sourceTree = "<group>"; };
		77DC1BEF89E56E89B412C7DE /* Pods_Tumblr.framework */ = {isa = PBXFileReference; explicitFileType = wrapper.framework; includeInIndex = 0; path = Pods_Tumblr.framework; sourceTree = BUILT_PRODUCTS_DIR; };
		E29B63C51E8CA2EF0040E5D7 /* Tumblr.app */ = {isa = PBXFileReference; explicitFileType = wrapper.application; includeInIndex = 0; path = Tumblr.app; sourceTree = BUILT_PRODUCTS_DIR; };
		E29B63C81E8CA2EF0040E5D7 /* AppDelegate.swift */ = {isa = PBXFileReference; lastKnownFileType = sourcecode.swift; path = AppDelegate.swift; sourceTree = "<group>"; };
		E29B63CA1E8CA2EF0040E5D7 /* PhotosViewController.swift */ = {isa = PBXFileReference; lastKnownFileType = sourcecode.swift; path = PhotosViewController.swift; sourceTree = "<group>"; };
		E29B63CD1E8CA2EF0040E5D7 /* Base */ = {isa = PBXFileReference; lastKnownFileType = file.storyboard; name = Base; path = Base.lproj/Main.storyboard; sourceTree = "<group>"; };
		E29B63D01E8CA2EF0040E5D7 /* Tumblr.xcdatamodel */ = {isa = PBXFileReference; lastKnownFileType = wrapper.xcdatamodel; path = Tumblr.xcdatamodel; sourceTree = "<group>"; };
		E29B63D21E8CA2EF0040E5D7 /* Assets.xcassets */ = {isa = PBXFileReference; lastKnownFileType = folder.assetcatalog; path = Assets.xcassets; sourceTree = "<group>"; };
		E29B63D51E8CA2EF0040E5D7 /* Base */ = {isa = PBXFileReference; lastKnownFileType = file.storyboard; name = Base; path = Base.lproj/LaunchScreen.storyboard; sourceTree = "<group>"; };
		E29B63D71E8CA2EF0040E5D7 /* Info.plist */ = {isa = PBXFileReference; lastKnownFileType = text.plist.xml; path = Info.plist; sourceTree = "<group>"; };
		E29B63DD1E8CAAB90040E5D7 /* PhotoCell.swift */ = {isa = PBXFileReference; fileEncoding = 4; lastKnownFileType = sourcecode.swift; path = PhotoCell.swift; sourceTree = "<group>"; };
		FFCB97D7CFE6A006590A9E6C /* Pods-Tumblr.debug.xcconfig */ = {isa = PBXFileReference; includeInIndex = 1; lastKnownFileType = text.xcconfig; name = "Pods-Tumblr.debug.xcconfig"; path = "Pods/Target Support Files/Pods-Tumblr/Pods-Tumblr.debug.xcconfig"; sourceTree = "<group>"; };
/* End PBXFileReference section */

/* Begin PBXFrameworksBuildPhase section */
		E29B63C21E8CA2EF0040E5D7 /* Frameworks */ = {
			isa = PBXFrameworksBuildPhase;
			buildActionMask = 2147483647;
			files = (
				A16B0A0E0104369FB3CC0C10 /* Pods_Tumblr.framework in Frameworks */,
			);
			runOnlyForDeploymentPostprocessing = 0;
		};
/* End PBXFrameworksBuildPhase section */

/* Begin PBXGroup section */
		2B1BE667CD79238F25C0E6B5 /* Frameworks */ = {
			isa = PBXGroup;
			children = (
				77DC1BEF89E56E89B412C7DE /* Pods_Tumblr.framework */,
			);
			name = Frameworks;
			sourceTree = "<group>";
		};
		D298EAE00F003029C5577B1F /* Pods */ = {
			isa = PBXGroup;
			children = (
				FFCB97D7CFE6A006590A9E6C /* Pods-Tumblr.debug.xcconfig */,
				1EE15DF74143D376671A259B /* Pods-Tumblr.release.xcconfig */,
			);
			name = Pods;
			sourceTree = "<group>";
		};
		E29B63BC1E8CA2EF0040E5D7 = {
			isa = PBXGroup;
			children = (
				E29B63C71E8CA2EF0040E5D7 /* Tumblr */,
				E29B63C61E8CA2EF0040E5D7 /* Products */,
				D298EAE00F003029C5577B1F /* Pods */,
				2B1BE667CD79238F25C0E6B5 /* Frameworks */,
			);
			sourceTree = "<group>";
		};
		E29B63C61E8CA2EF0040E5D7 /* Products */ = {
			isa = PBXGroup;
			children = (
				E29B63C51E8CA2EF0040E5D7 /* Tumblr.app */,
			);
			name = Products;
			sourceTree = "<group>";
		};
		E29B63C71E8CA2EF0040E5D7 /* Tumblr */ = {
			isa = PBXGroup;
			children = (
				E29B63C81E8CA2EF0040E5D7 /* AppDelegate.swift */,
				E29B63CA1E8CA2EF0040E5D7 /* PhotosViewController.swift */,
				E29B63CC1E8CA2EF0040E5D7 /* Main.storyboard */,
				E29B63D21E8CA2EF0040E5D7 /* Assets.xcassets */,
				E29B63D41E8CA2EF0040E5D7 /* LaunchScreen.storyboard */,
				E29B63D71E8CA2EF0040E5D7 /* Info.plist */,
				E29B63CF1E8CA2EF0040E5D7 /* Tumblr.xcdatamodeld */,
				E29B63DD1E8CAAB90040E5D7 /* PhotoCell.swift */,
			);
			path = Tumblr;
			sourceTree = "<group>";
		};
/* End PBXGroup section */

/* Begin PBXNativeTarget section */
		E29B63C41E8CA2EF0040E5D7 /* Tumblr */ = {
			isa = PBXNativeTarget;
			buildConfigurationList = E29B63DA1E8CA2EF0040E5D7 /* Build configuration list for PBXNativeTarget "Tumblr" */;
			buildPhases = (
				941DDB1D7283E470BD5CCEE5 /* [CP] Check Pods Manifest.lock */,
				E29B63C11E8CA2EF0040E5D7 /* Sources */,
				E29B63C21E8CA2EF0040E5D7 /* Frameworks */,
				E29B63C31E8CA2EF0040E5D7 /* Resources */,
				10D3B88890A9E10D6774B22F /* [CP] Embed Pods Frameworks */,
				3E0E114B1BE75A4E52521413 /* [CP] Copy Pods Resources */,
			);
			buildRules = (
			);
			dependencies = (
			);
			name = Tumblr;
			productName = Tumblr;
			productReference = E29B63C51E8CA2EF0040E5D7 /* Tumblr.app */;
			productType = "com.apple.product-type.application";
		};
/* End PBXNativeTarget section */

/* Begin PBXProject section */
		E29B63BD1E8CA2EF0040E5D7 /* Project object */ = {
			isa = PBXProject;
			attributes = {
				LastSwiftUpdateCheck = 0800;
				LastUpgradeCheck = 0800;
				ORGANIZATIONNAME = AkshayBhandary;
				TargetAttributes = {
					E29B63C41E8CA2EF0040E5D7 = {
						CreatedOnToolsVersion = 8.0;
						ProvisioningStyle = Automatic;
					};
				};
			};
			buildConfigurationList = E29B63C01E8CA2EF0040E5D7 /* Build configuration list for PBXProject "Tumblr" */;
			compatibilityVersion = "Xcode 3.2";
			developmentRegion = English;
			hasScannedForEncodings = 0;
			knownRegions = (
				en,
				Base,
			);
			mainGroup = E29B63BC1E8CA2EF0040E5D7;
			productRefGroup = E29B63C61E8CA2EF0040E5D7 /* Products */;
			projectDirPath = "";
			projectRoot = "";
			targets = (
				E29B63C41E8CA2EF0040E5D7 /* Tumblr */,
			);
		};
/* End PBXProject section */

/* Begin PBXResourcesBuildPhase section */
		E29B63C31E8CA2EF0040E5D7 /* Resources */ = {
			isa = PBXResourcesBuildPhase;
			buildActionMask = 2147483647;
			files = (
				E29B63D61E8CA2EF0040E5D7 /* LaunchScreen.storyboard in Resources */,
				E29B63D31E8CA2EF0040E5D7 /* Assets.xcassets in Resources */,
				E29B63CE1E8CA2EF0040E5D7 /* Main.storyboard in Resources */,
			);
			runOnlyForDeploymentPostprocessing = 0;
		};
/* End PBXResourcesBuildPhase section */

/* Begin PBXShellScriptBuildPhase section */
		10D3B88890A9E10D6774B22F /* [CP] Embed Pods Frameworks */ = {
			isa = PBXShellScriptBuildPhase;
			buildActionMask = 2147483647;
			files = (
			);
			inputPaths = (
			);
			name = "[CP] Embed Pods Frameworks";
			outputPaths = (
			);
			runOnlyForDeploymentPostprocessing = 0;
			shellPath = /bin/sh;
			shellScript = "\"${SRCROOT}/Pods/Target Support Files/Pods-Tumblr/Pods-Tumblr-frameworks.sh\"\n";
			showEnvVarsInLog = 0;
		};
		3E0E114B1BE75A4E52521413 /* [CP] Copy Pods Resources */ = {
			isa = PBXShellScriptBuildPhase;
			buildActionMask = 2147483647;
			files = (
			);
			inputPaths = (
			);
			name = "[CP] Copy Pods Resources";
			outputPaths = (
			);
			runOnlyForDeploymentPostprocessing = 0;
			shellPath = /bin/sh;
			shellScript = "\"${SRCROOT}/Pods/Target Support Files/Pods-Tumblr/Pods-Tumblr-resources.sh\"\n";
			showEnvVarsInLog = 0;
		};
		941DDB1D7283E470BD5CCEE5 /* [CP] Check Pods Manifest.lock */ = {
			isa = PBXShellScriptBuildPhase;
			buildActionMask = 2147483647;
			files = (
			);
			inputPaths = (
			);
			name = "[CP] Check Pods Manifest.lock";
			outputPaths = (
			);
			runOnlyForDeploymentPostprocessing = 0;
			shellPath = /bin/sh;
			shellScript = "diff \"${PODS_ROOT}/../Podfile.lock\" \"${PODS_ROOT}/Manifest.lock\" > /dev/null\nif [[ $? != 0 ]] ; then\n    cat << EOM\nerror: The sandbox is not in sync with the Podfile.lock. Run 'pod install' or update your CocoaPods installation.\nEOM\n    exit 1\nfi\n";
			showEnvVarsInLog = 0;
		};
/* End PBXShellScriptBuildPhase section */

/* Begin PBXSourcesBuildPhase section */
		E29B63C11E8CA2EF0040E5D7 /* Sources */ = {
			isa = PBXSourcesBuildPhase;
			buildActionMask = 2147483647;
			files = (
				E29B63DF1E8CAFA70040E5D7 /* PhotoCell.swift in Sources */,
				E29B63D11E8CA2EF0040E5D7 /* Tumblr.xcdatamodeld in Sources */,
				E29B63CB1E8CA2EF0040E5D7 /* PhotosViewController.swift in Sources */,
				E29B63C91E8CA2EF0040E5D7 /* AppDelegate.swift in Sources */,
			);
			runOnlyForDeploymentPostprocessing = 0;
		};
/* End PBXSourcesBuildPhase section */

/* Begin PBXVariantGroup section */
		E29B63CC1E8CA2EF0040E5D7 /* Main.storyboard */ = {
			isa = PBXVariantGroup;
			children = (
				E29B63CD1E8CA2EF0040E5D7 /* Base */,
			);
			name = Main.storyboard;
			sourceTree = "<group>";
		};
		E29B63D41E8CA2EF0040E5D7 /* LaunchScreen.storyboard */ = {
			isa = PBXVariantGroup;
			children = (
				E29B63D51E8CA2EF0040E5D7 /* Base */,
			);
			name = LaunchScreen.storyboard;
			sourceTree = "<group>";
		};
/* End PBXVariantGroup section */

/* Begin XCBuildConfiguration section */
		E29B63D81E8CA2EF0040E5D7 /* Debug */ = {
			isa = XCBuildConfiguration;
			buildSettings = {
				ALWAYS_SEARCH_USER_PATHS = NO;
				CLANG_ANALYZER_NONNULL = YES;
				CLANG_CXX_LANGUAGE_STANDARD = "gnu++0x";
				CLANG_CXX_LIBRARY = "libc++";
				CLANG_ENABLE_MODULES = YES;
				CLANG_ENABLE_OBJC_ARC = YES;
				CLANG_WARN_BOOL_CONVERSION = YES;
				CLANG_WARN_CONSTANT_CONVERSION = YES;
				CLANG_WARN_DIRECT_OBJC_ISA_USAGE = YES_ERROR;
				CLANG_WARN_DOCUMENTATION_COMMENTS = YES;
				CLANG_WARN_EMPTY_BODY = YES;
				CLANG_WARN_ENUM_CONVERSION = YES;
				CLANG_WARN_INFINITE_RECURSION = YES;
				CLANG_WARN_INT_CONVERSION = YES;
				CLANG_WARN_OBJC_ROOT_CLASS = YES_ERROR;
				CLANG_WARN_SUSPICIOUS_MOVES = YES;
				CLANG_WARN_UNREACHABLE_CODE = YES;
				CLANG_WARN__DUPLICATE_METHOD_MATCH = YES;
				"CODE_SIGN_IDENTITY[sdk=iphoneos*]" = "iPhone Developer";
				COPY_PHASE_STRIP = NO;
				DEBUG_INFORMATION_FORMAT = dwarf;
				ENABLE_STRICT_OBJC_MSGSEND = YES;
				ENABLE_TESTABILITY = YES;
				GCC_C_LANGUAGE_STANDARD = gnu99;
				GCC_DYNAMIC_NO_PIC = NO;
				GCC_NO_COMMON_BLOCKS = YES;
				GCC_OPTIMIZATION_LEVEL = 0;
				GCC_PREPROCESSOR_DEFINITIONS = (
					"DEBUG=1",
					"$(inherited)",
				);
				GCC_WARN_64_TO_32_BIT_CONVERSION = YES;
				GCC_WARN_ABOUT_RETURN_TYPE = YES_ERROR;
				GCC_WARN_UNDECLARED_SELECTOR = YES;
				GCC_WARN_UNINITIALIZED_AUTOS = YES_AGGRESSIVE;
				GCC_WARN_UNUSED_FUNCTION = YES;
				GCC_WARN_UNUSED_VARIABLE = YES;
				IPHONEOS_DEPLOYMENT_TARGET = 10.0;
				MTL_ENABLE_DEBUG_INFO = YES;
				ONLY_ACTIVE_ARCH = YES;
				SDKROOT = iphoneos;
				SWIFT_ACTIVE_COMPILATION_CONDITIONS = DEBUG;
				SWIFT_OPTIMIZATION_LEVEL = "-Onone";
				TARGETED_DEVICE_FAMILY = "1,2";
			};
			name = Debug;
		};
		E29B63D91E8CA2EF0040E5D7 /* Release */ = {
			isa = XCBuildConfiguration;
			buildSettings = {
				ALWAYS_SEARCH_USER_PATHS = NO;
				CLANG_ANALYZER_NONNULL = YES;
				CLANG_CXX_LANGUAGE_STANDARD = "gnu++0x";
				CLANG_CXX_LIBRARY = "libc++";
				CLANG_ENABLE_MODULES = YES;
				CLANG_ENABLE_OBJC_ARC = YES;
				CLANG_WARN_BOOL_CONVERSION = YES;
				CLANG_WARN_CONSTANT_CONVERSION = YES;
				CLANG_WARN_DIRECT_OBJC_ISA_USAGE = YES_ERROR;
				CLANG_WARN_DOCUMENTATION_COMMENTS = YES;
				CLANG_WARN_EMPTY_BODY = YES;
				CLANG_WARN_ENUM_CONVERSION = YES;
				CLANG_WARN_INFINITE_RECURSION = YES;
				CLANG_WARN_INT_CONVERSION = YES;
				CLANG_WARN_OBJC_ROOT_CLASS = YES_ERROR;
				CLANG_WARN_SUSPICIOUS_MOVES = YES;
				CLANG_WARN_UNREACHABLE_CODE = YES;
				CLANG_WARN__DUPLICATE_METHOD_MATCH = YES;
				"CODE_SIGN_IDENTITY[sdk=iphoneos*]" = "iPhone Developer";
				COPY_PHASE_STRIP = NO;
				DEBUG_INFORMATION_FORMAT = "dwarf-with-dsym";
				ENABLE_NS_ASSERTIONS = NO;
				ENABLE_STRICT_OBJC_MSGSEND = YES;
				GCC_C_LANGUAGE_STANDARD = gnu99;
				GCC_NO_COMMON_BLOCKS = YES;
				GCC_WARN_64_TO_32_BIT_CONVERSION = YES;
				GCC_WARN_ABOUT_RETURN_TYPE = YES_ERROR;
				GCC_WARN_UNDECLARED_SELECTOR = YES;
				GCC_WARN_UNINITIALIZED_AUTOS = YES_AGGRESSIVE;
				GCC_WARN_UNUSED_FUNCTION = YES;
				GCC_WARN_UNUSED_VARIABLE = YES;
				IPHONEOS_DEPLOYMENT_TARGET = 10.0;
				MTL_ENABLE_DEBUG_INFO = NO;
				SDKROOT = iphoneos;
				SWIFT_OPTIMIZATION_LEVEL = "-Owholemodule";
				TARGETED_DEVICE_FAMILY = "1,2";
				VALIDATE_PRODUCT = YES;
			};
			name = Release;
		};
		E29B63DB1E8CA2EF0040E5D7 /* Debug */ = {
			isa = XCBuildConfiguration;
			baseConfigurationReference = FFCB97D7CFE6A006590A9E6C /* Pods-Tumblr.debug.xcconfig */;
			buildSettings = {
				ASSETCATALOG_COMPILER_APPICON_NAME = AppIcon;
				INFOPLIST_FILE = Tumblr/Info.plist;
				LD_RUNPATH_SEARCH_PATHS = "$(inherited) @executable_path/Frameworks";
				PRODUCT_BUNDLE_IDENTIFIER = AkshayBhandary.Tumblr;
				PRODUCT_NAME = "$(TARGET_NAME)";
				SWIFT_VERSION = 3.0;
			};
			name = Debug;
		};
		E29B63DC1E8CA2EF0040E5D7 /* Release */ = {
			isa = XCBuildConfiguration;
			baseConfigurationReference = 1EE15DF74143D376671A259B /* Pods-Tumblr.release.xcconfig */;
			buildSettings = {
				ASSETCATALOG_COMPILER_APPICON_NAME = AppIcon;
				INFOPLIST_FILE = Tumblr/Info.plist;
				LD_RUNPATH_SEARCH_PATHS = "$(inherited) @executable_path/Frameworks";
				PRODUCT_BUNDLE_IDENTIFIER = AkshayBhandary.Tumblr;
				PRODUCT_NAME = "$(TARGET_NAME)";
				SWIFT_VERSION = 3.0;
			};
			name = Release;
		};
/* End XCBuildConfiguration section */

/* Begin XCConfigurationList section */
		E29B63C01E8CA2EF0040E5D7 /* Build configuration list for PBXProject "Tumblr" */ = {
			isa = XCConfigurationList;
			buildConfigurations = (
				E29B63D81E8CA2EF0040E5D7 /* Debug */,
				E29B63D91E8CA2EF0040E5D7 /* Release */,
			);
			defaultConfigurationIsVisible = 0;
			defaultConfigurationName = Release;
		};
		E29B63DA1E8CA2EF0040E5D7 /* Build configuration list for PBXNativeTarget "Tumblr" */ = {
			isa = XCConfigurationList;
			buildConfigurations = (
				E29B63DB1E8CA2EF0040E5D7 /* Debug */,
				E29B63DC1E8CA2EF0040E5D7 /* Release */,
			);
			defaultConfigurationIsVisible = 0;
			defaultConfigurationName = Release;
		};
/* End XCConfigurationList section */

/* Begin XCVersionGroup section */
		E29B63CF1E8CA2EF0040E5D7 /* Tumblr.xcdatamodeld */ = {
			isa = XCVersionGroup;
			children = (
				E29B63D01E8CA2EF0040E5D7 /* Tumblr.xcdatamodel */,
			);
			currentVersion = E29B63D01E8CA2EF0040E5D7 /* Tumblr.xcdatamodel */;
			path = Tumblr.xcdatamodeld;
			sourceTree = "<group>";
			versionGroupType = wrapper.xcdatamodel;
		};
/* End XCVersionGroup section */
	};
	rootObject = E29B63BD1E8CA2EF0040E5D7 /* Project object */;
}
